
Microsoft Visual Studio Solution File, Format Version 12.00
# Visual Studio Version 16
VisualStudioVersion = 16.0.30011.22
MinimumVisualStudioVersion = 10.0.40219.1
Project("{FAE04EC0-301F-11D3-BF4B-00C04F79EFBC}") = "Kalkulator3000.UWP", "Kalkulator3000\Kalkulator3000.UWP\Kalkulator3000.UWP.csproj", "{45C62BD2-71EE-4547-9D02-C50CC21D3A72}"
EndProject
Project("{FAE04EC0-301F-11D3-BF4B-00C04F79EFBC}") = "Kalkulator3000.Android", "Kalkulator3000\Kalkulator3000.Android\Kalkulator3000.Android.csproj", "{1D5A870E-266B-4BB2-AB8B-340C8A83D56F}"
EndProject
Project("{FAE04EC0-301F-11D3-BF4B-00C04F79EFBC}") = "Kalkulator3000.iOS", "Kalkulator3000\Kalkulator3000.iOS\Kalkulator3000.iOS.csproj", "{08552CA4-0B66-4D86-AB39-1FD19E5219B0}"
EndProject
Project("{FAE04EC0-301F-11D3-BF4B-00C04F79EFBC}") = "Kalkulator3000", "Kalkulator3000\Kalkulator3000\Kalkulator3000.csproj", "{A9C9F2FC-7149-4048-B48A-CE4EE3679B50}"
EndProject
Global
	GlobalSection(SolutionConfigurationPlatforms) = preSolution
		Debug|Any CPU = Debug|Any CPU
		Debug|ARM = Debug|ARM
		Debug|iPhone = Debug|iPhone
		Debug|iPhoneSimulator = Debug|iPhoneSimulator
		Debug|x64 = Debug|x64
		Debug|x86 = Debug|x86
		Release|Any CPU = Release|Any CPU
		Release|ARM = Release|ARM
		Release|iPhone = Release|iPhone
		Release|iPhoneSimulator = Release|iPhoneSimulator
		Release|x64 = Release|x64
		Release|x86 = Release|x86
	EndGlobalSection
	GlobalSection(ProjectConfigurationPlatforms) = postSolution
		{45C62BD2-71EE-4547-9D02-C50CC21D3A72}.Debug|Any CPU.ActiveCfg = Debug|x86
		{45C62BD2-71EE-4547-9D02-C50CC21D3A72}.Debug|Any CPU.Build.0 = Debug|x86
		{45C62BD2-71EE-4547-9D02-C50CC21D3A72}.Debug|Any CPU.Deploy.0 = Debug|x86
		{45C62BD2-71EE-4547-9D02-C50CC21D3A72}.Debug|ARM.ActiveCfg = Debug|ARM
		{45C62BD2-71EE-4547-9D02-C50CC21D3A72}.Debug|ARM.Build.0 = Debug|ARM
		{45C62BD2-71EE-4547-9D02-C50CC21D3A72}.Debug|ARM.Deploy.0 = Debug|ARM
		{45C62BD2-71EE-4547-9D02-C50CC21D3A72}.Debug|iPhone.ActiveCfg = Debug|x86
		{45C62BD2-71EE-4547-9D02-C50CC21D3A72}.Debug|iPhone.Build.0 = Debug|x86
		{45C62BD2-71EE-4547-9D02-C50CC21D3A72}.Debug|iPhone.Deploy.0 = Debug|x86
		{45C62BD2-71EE-4547-9D02-C50CC21D3A72}.Debug|iPhoneSimulator.ActiveCfg = Debug|x86
		{45C62BD2-71EE-4547-9D02-C50CC21D3A72}.Debug|iPhoneSimulator.Build.0 = Debug|x86
		{45C62BD2-71EE-4547-9D02-C50CC21D3A72}.Debug|iPhoneSimulator.Deploy.0 = Debug|x86
		{45C62BD2-71EE-4547-9D02-C50CC21D3A72}.Debug|x64.ActiveCfg = Debug|x64
		{45C62BD2-71EE-4547-9D02-C50CC21D3A72}.Debug|x64.Build.0 = Debug|x64
		{45C62BD2-71EE-4547-9D02-C50CC21D3A72}.Debug|x64.Deploy.0 = Debug|x64
		{45C62BD2-71EE-4547-9D02-C50CC21D3A72}.Debug|x86.ActiveCfg = Debug|x86
		{45C62BD2-71EE-4547-9D02-C50CC21D3A72}.Debug|x86.Build.0 = Debug|x86
		{45C62BD2-71EE-4547-9D02-C50CC21D3A72}.Debug|x86.Deploy.0 = Debug|x86
		{45C62BD2-71EE-4547-9D02-C50CC21D3A72}.Release|Any CPU.ActiveCfg = Release|x86
		{45C62BD2-71EE-4547-9D02-C50CC21D3A72}.Release|Any CPU.Build.0 = Release|x86
		{45C62BD2-71EE-4547-9D02-C50CC21D3A72}.Release|Any CPU.Deploy.0 = Release|x86
		{45C62BD2-71EE-4547-9D02-C50CC21D3A72}.Release|ARM.ActiveCfg = Release|ARM
		{45C62BD2-71EE-4547-9D02-C50CC21D3A72}.Release|ARM.Build.0 = Release|ARM
		{45C62BD2-71EE-4547-9D02-C50CC21D3A72}.Release|ARM.Deploy.0 = Release|ARM
		{45C62BD2-71EE-4547-9D02-C50CC21D3A72}.Release|iPhone.ActiveCfg = Release|x86
		{45C62BD2-71EE-4547-9D02-C50CC21D3A72}.Release|iPhone.Build.0 = Release|x86
		{45C62BD2-71EE-4547-9D02-C50CC21D3A72}.Release|iPhone.Deploy.0 = Release|x86
		{45C62BD2-71EE-4547-9D02-C50CC21D3A72}.Release|iPhoneSimulator.ActiveCfg = Release|x86
		{45C62BD2-71EE-4547-9D02-C50CC21D3A72}.Release|iPhoneSimulator.Build.0 = Release|x86
		{45C62BD2-71EE-4547-9D02-C50CC21D3A72}.Release|iPhoneSimulator.Deploy.0 = Release|x86
		{45C62BD2-71EE-4547-9D02-C50CC21D3A72}.Release|x64.ActiveCfg = Release|x64
		{45C62BD2-71EE-4547-9D02-C50CC21D3A72}.Release|x64.Build.0 = Release|x64
		{45C62BD2-71EE-4547-9D02-C50CC21D3A72}.Release|x64.Deploy.0 = Release|x64
		{45C62BD2-71EE-4547-9D02-C50CC21D3A72}.Release|x86.ActiveCfg = Release|x86
		{45C62BD2-71EE-4547-9D02-C50CC21D3A72}.Release|x86.Build.0 = Release|x86
		{45C62BD2-71EE-4547-9D02-C50CC21D3A72}.Release|x86.Deploy.0 = Release|x86
		{1D5A870E-266B-4BB2-AB8B-340C8A83D56F}.Debug|Any CPU.ActiveCfg = Debug|Any CPU
		{1D5A870E-266B-4BB2-AB8B-340C8A83D56F}.Debug|Any CPU.Build.0 = Debug|Any CPU
		{1D5A870E-266B-4BB2-AB8B-340C8A83D56F}.Debug|Any CPU.Deploy.0 = Debug|Any CPU
		{1D5A870E-266B-4BB2-AB8B-340C8A83D56F}.Debug|ARM.ActiveCfg = Debug|Any CPU
		{1D5A870E-266B-4BB2-AB8B-340C8A83D56F}.Debug|ARM.Build.0 = Debug|Any CPU
		{1D5A870E-266B-4BB2-AB8B-340C8A83D56F}.Debug|ARM.Deploy.0 = Debug|Any CPU
		{1D5A870E-266B-4BB2-AB8B-340C8A83D56F}.Debug|iPhone.ActiveCfg = Debug|Any CPU
		{1D5A870E-266B-4BB2-AB8B-340C8A83D56F}.Debug|iPhone.Build.0 = Debug|Any CPU
		{1D5A870E-266B-4BB2-AB8B-340C8A83D56F}.Debug|iPhone.Deploy.0 = Debug|Any CPU
		{1D5A870E-266B-4BB2-AB8B-340C8A83D56F}.Debug|iPhoneSimulator.ActiveCfg = Debug|Any CPU
		{1D5A870E-266B-4BB2-AB8B-340C8A83D56F}.Debug|iPhoneSimulator.Build.0 = Debug|Any CPU
		{1D5A870E-266B-4BB2-AB8B-340C8A83D56F}.Debug|iPhoneSimulator.Deploy.0 = Debug|Any CPU
		{1D5A870E-266B-4BB2-AB8B-340C8A83D56F}.Debug|x64.ActiveCfg = Debug|Any CPU
		{1D5A870E-266B-4BB2-AB8B-340C8A83D56F}.Debug|x64.Build.0 = Debug|Any CPU
		{1D5A870E-266B-4BB2-AB8B-340C8A83D56F}.Debug|x64.Deploy.0 = Debug|Any CPU
		{1D5A870E-266B-4BB2-AB8B-340C8A83D56F}.Debug|x86.ActiveCfg = Debug|Any CPU
		{1D5A870E-266B-4BB2-AB8B-340C8A83D56F}.Debug|x86.Build.0 = Debug|Any CPU
		{1D5A870E-266B-4BB2-AB8B-340C8A83D56F}.Debug|x86.Deploy.0 = Debug|Any CPU
		{1D5A870E-266B-4BB2-AB8B-340C8A83D56F}.Release|Any CPU.ActiveCfg = Release|Any CPU
		{1D5A870E-266B-4BB2-AB8B-340C8A83D56F}.Release|Any CPU.Build.0 = Release|Any CPU
		{1D5A870E-266B-4BB2-AB8B-340C8A83D56F}.Release|Any CPU.Deploy.0 = Release|Any CPU
		{1D5A870E-266B-4BB2-AB8B-340C8A83D56F}.Release|ARM.ActiveCfg = Release|Any CPU
		{1D5A870E-266B-4BB2-AB8B-340C8A83D56F}.Release|ARM.Build.0 = Release|Any CPU
		{1D5A870E-266B-4BB2-AB8B-340C8A83D56F}.Release|ARM.Deploy.0 = Release|Any CPU
		{1D5A870E-266B-4BB2-AB8B-340C8A83D56F}.Release|iPhone.ActiveCfg = Release|Any CPU
		{1D5A870E-266B-4BB2-AB8B-340C8A83D56F}.Release|iPhone.Build.0 = Release|Any CPU
		{1D5A870E-266B-4BB2-AB8B-340C8A83D56F}.Release|iPhone.Deploy.0 = Release|Any CPU
		{1D5A870E-266B-4BB2-AB8B-340C8A83D56F}.Release|iPhoneSimulator.ActiveCfg = Release|Any CPU
		{1D5A870E-266B-4BB2-AB8B-340C8A83D56F}.Release|iPhoneSimulator.Build.0 = Release|Any CPU
		{1D5A870E-266B-4BB2-AB8B-340C8A83D56F}.Release|iPhoneSimulator.Deploy.0 = Release|Any CPU
		{1D5A870E-266B-4BB2-AB8B-340C8A83D56F}.Release|x64.ActiveCfg = Release|Any CPU
		{1D5A870E-266B-4BB2-AB8B-340C8A83D56F}.Release|x64.Build.0 = Release|Any CPU
		{1D5A870E-266B-4BB2-AB8B-340C8A83D56F}.Release|x64.Deploy.0 = Release|Any CPU
		{1D5A870E-266B-4BB2-AB8B-340C8A83D56F}.Release|x86.ActiveCfg = Release|Any CPU
		{1D5A870E-266B-4BB2-AB8B-340C8A83D56F}.Release|x86.Build.0 = Release|Any CPU
		{1D5A870E-266B-4BB2-AB8B-340C8A83D56F}.Release|x86.Deploy.0 = Release|Any CPU
		{08552CA4-0B66-4D86-AB39-1FD19E5219B0}.Debug|Any CPU.ActiveCfg = Debug|iPhone
		{08552CA4-0B66-4D86-AB39-1FD19E5219B0}.Debug|Any CPU.Build.0 = Debug|iPhone
		{08552CA4-0B66-4D86-AB39-1FD19E5219B0}.Debug|Any CPU.Deploy.0 = Debug|iPhone
		{08552CA4-0B66-4D86-AB39-1FD19E5219B0}.Debug|ARM.ActiveCfg = Debug|iPhone
		{08552CA4-0B66-4D86-AB39-1FD19E5219B0}.Debug|ARM.Build.0 = Debug|iPhone
		{08552CA4-0B66-4D86-AB39-1FD19E5219B0}.Debug|ARM.Deploy.0 = Debug|iPhone
		{08552CA4-0B66-4D86-AB39-1FD19E5219B0}.Debug|iPhone.ActiveCfg = Debug|iPhone
		{08552CA4-0B66-4D86-AB39-1FD19E5219B0}.Debug|iPhone.Build.0 = Debug|iPhone
		{08552CA4-0B66-4D86-AB39-1FD19E5219B0}.Debug|iPhone.Deploy.0 = Debug|iPhone
		{08552CA4-0B66-4D86-AB39-1FD19E5219B0}.Debug|iPhoneSimulator.ActiveCfg = Debug|iPhoneSimulator
		{08552CA4-0B66-4D86-AB39-1FD19E5219B0}.Debug|iPhoneSimulator.Build.0 = Debug|iPhoneSimulator
		{08552CA4-0B66-4D86-AB39-1FD19E5219B0}.Debug|iPhoneSimulator.Deploy.0 = Debug|iPhoneSimulator
		{08552CA4-0B66-4D86-AB39-1FD19E5219B0}.Debug|x64.ActiveCfg = Debug|iPhone
		{08552CA4-0B66-4D86-AB39-1FD19E5219B0}.Debug|x64.Build.0 = Debug|iPhone
		{08552CA4-0B66-4D86-AB39-1FD19E5219B0}.Debug|x64.Deploy.0 = Debug|iPhone
		{08552CA4-0B66-4D86-AB39-1FD19E5219B0}.Debug|x86.ActiveCfg = Debug|iPhone
		{08552CA4-0B66-4D86-AB39-1FD19E5219B0}.Debug|x86.Build.0 = Debug|iPhone
		{08552CA4-0B66-4D86-AB39-1FD19E5219B0}.Debug|x86.Deploy.0 = Debug|iPhone
		{08552CA4-0B66-4D86-AB39-1FD19E5219B0}.Release|Any CPU.ActiveCfg = Release|iPhone
		{08552CA4-0B66-4D86-AB39-1FD19E5219B0}.Release|Any CPU.Build.0 = Release|iPhone
		{08552CA4-0B66-4D86-AB39-1FD19E5219B0}.Release|Any CPU.Deploy.0 = Release|iPhone
		{08552CA4-0B66-4D86-AB39-1FD19E5219B0}.Release|ARM.ActiveCfg = Release|iPhone
		{08552CA4-0B66-4D86-AB39-1FD19E5219B0}.Release|ARM.Build.0 = Release|iPhone
		{08552CA4-0B66-4D86-AB39-1FD19E5219B0}.Release|ARM.Deploy.0 = Release|iPhone
		{08552CA4-0B66-4D86-AB39-1FD19E5219B0}.Release|iPhone.ActiveCfg = Release|iPhone
		{08552CA4-0B66-4D86-AB39-1FD19E5219B0}.Release|iPhone.Build.0 = Release|iPhone
		{08552CA4-0B66-4D86-AB39-1FD19E5219B0}.Release|iPhone.Deploy.0 = Release|iPhone
		{08552CA4-0B66-4D86-AB39-1FD19E5219B0}.Release|iPhoneSimulator.ActiveCfg = Release|iPhoneSimulator
		{08552CA4-0B66-4D86-AB39-1FD19E5219B0}.Release|iPhoneSimulator.Build.0 = Release|iPhoneSimulator
		{08552CA4-0B66-4D86-AB39-1FD19E5219B0}.Release|iPhoneSimulator.Deploy.0 = Release|iPhoneSimulator
		{08552CA4-0B66-4D86-AB39-1FD19E5219B0}.Release|x64.ActiveCfg = Release|iPhone
		{08552CA4-0B66-4D86-AB39-1FD19E5219B0}.Release|x64.Build.0 = Release|iPhone
		{08552CA4-0B66-4D86-AB39-1FD19E5219B0}.Release|x64.Deploy.0 = Release|iPhone
		{08552CA4-0B66-4D86-AB39-1FD19E5219B0}.Release|x86.ActiveCfg = Release|iPhone
		{08552CA4-0B66-4D86-AB39-1FD19E5219B0}.Release|x86.Build.0 = Release|iPhone
		{08552CA4-0B66-4D86-AB39-1FD19E5219B0}.Release|x86.Deploy.0 = Release|iPhone
		{A9C9F2FC-7149-4048-B48A-CE4EE3679B50}.Debug|Any CPU.ActiveCfg = Debug|Any CPU
		{A9C9F2FC-7149-4048-B48A-CE4EE3679B50}.Debug|Any CPU.Build.0 = Debug|Any CPU
		{A9C9F2FC-7149-4048-B48A-CE4EE3679B50}.Debug|Any CPU.Deploy.0 = Debug|Any CPU
		{A9C9F2FC-7149-4048-B48A-CE4EE3679B50}.Debug|ARM.ActiveCfg = Debug|Any CPU
		{A9C9F2FC-7149-4048-B48A-CE4EE3679B50}.Debug|ARM.Build.0 = Debug|Any CPU
		{A9C9F2FC-7149-4048-B48A-CE4EE3679B50}.Debug|ARM.Deploy.0 = Debug|Any CPU
		{A9C9F2FC-7149-4048-B48A-CE4EE3679B50}.Debug|iPhone.ActiveCfg = Debug|Any CPU
		{A9C9F2FC-7149-4048-B48A-CE4EE3679B50}.Debug|iPhone.Build.0 = Debug|Any CPU
		{A9C9F2FC-7149-4048-B48A-CE4EE3679B50}.Debug|iPhone.Deploy.0 = Debug|Any CPU
		{A9C9F2FC-7149-4048-B48A-CE4EE3679B50}.Debug|iPhoneSimulator.ActiveCfg = Debug|Any CPU
		{A9C9F2FC-7149-4048-B48A-CE4EE3679B50}.Debug|iPhoneSimulator.Build.0 = Debug|Any CPU
		{A9C9F2FC-7149-4048-B48A-CE4EE3679B50}.Debug|iPhoneSimulator.Deploy.0 = Debug|Any CPU
		{A9C9F2FC-7149-4048-B48A-CE4EE3679B50}.Debug|x64.ActiveCfg = Debug|Any CPU
		{A9C9F2FC-7149-4048-B48A-CE4EE3679B50}.Debug|x64.Build.0 = Debug|Any CPU
		{A9C9F2FC-7149-4048-B48A-CE4EE3679B50}.Debug|x64.Deploy.0 = Debug|Any CPU
		{A9C9F2FC-7149-4048-B48A-CE4EE3679B50}.Debug|x86.ActiveCfg = Debug|Any CPU
		{A9C9F2FC-7149-4048-B48A-CE4EE3679B50}.Debug|x86.Build.0 = Debug|Any CPU
		{A9C9F2FC-7149-4048-B48A-CE4EE3679B50}.Debug|x86.Deploy.0 = Debug|Any CPU
		{A9C9F2FC-7149-4048-B48A-CE4EE3679B50}.Release|Any CPU.ActiveCfg = Release|Any CPU
		{A9C9F2FC-7149-4048-B48A-CE4EE3679B50}.Release|Any CPU.Build.0 = Release|Any CPU
		{A9C9F2FC-7149-4048-B48A-CE4EE3679B50}.Release|Any CPU.Deploy.0 = Release|Any CPU
		{A9C9F2FC-7149-4048-B48A-CE4EE3679B50}.Release|ARM.ActiveCfg = Release|Any CPU
		{A9C9F2FC-7149-4048-B48A-CE4EE3679B50}.Release|ARM.Build.0 = Release|Any CPU
		{A9C9F2FC-7149-4048-B48A-CE4EE3679B50}.Release|ARM.Deploy.0 = Release|Any CPU
		{A9C9F2FC-7149-4048-B48A-CE4EE3679B50}.Release|iPhone.ActiveCfg = Release|Any CPU
		{A9C9F2FC-7149-4048-B48A-CE4EE3679B50}.Release|iPhone.Build.0 = Release|Any CPU
		{A9C9F2FC-7149-4048-B48A-CE4EE3679B50}.Release|iPhone.Deploy.0 = Release|Any CPU
		{A9C9F2FC-7149-4048-B48A-CE4EE3679B50}.Release|iPhoneSimulator.ActiveCfg = Release|Any CPU
		{A9C9F2FC-7149-4048-B48A-CE4EE3679B50}.Release|iPhoneSimulator.Build.0 = Release|Any CPU
		{A9C9F2FC-7149-4048-B48A-CE4EE3679B50}.Release|iPhoneSimulator.Deploy.0 = Release|Any CPU
		{A9C9F2FC-7149-4048-B48A-CE4EE3679B50}.Release|x64.ActiveCfg = Release|Any CPU
		{A9C9F2FC-7149-4048-B48A-CE4EE3679B50}.Release|x64.Build.0 = Release|Any CPU
		{A9C9F2FC-7149-4048-B48A-CE4EE3679B50}.Release|x64.Deploy.0 = Release|Any CPU
		{A9C9F2FC-7149-4048-B48A-CE4EE3679B50}.Release|x86.ActiveCfg = Release|Any CPU
		{A9C9F2FC-7149-4048-B48A-CE4EE3679B50}.Release|x86.Build.0 = Release|Any CPU
		{A9C9F2FC-7149-4048-B48A-CE4EE3679B50}.Release|x86.Deploy.0 = Release|Any CPU
	EndGlobalSection
	GlobalSection(SolutionProperties) = preSolution
		HideSolutionNode = FALSE
	EndGlobalSection
	GlobalSection(ExtensibilityGlobals) = postSolution
		SolutionGuid = {B7258CD7-B351-4615-AA5D-DD94713E0E53}
	EndGlobalSection
EndGlobal
